
Microsoft Visual Studio Solution File, Format Version 10.00
# Visual C++ Express 2008
Project("{8BC9CEB8-8B4A-11D0-8D11-00A0C91BC942}") = "wls", "wls2008.vcproj", "{BDDDB68C-40DC-4CB4-8CA9-FCCB802D0321}"
EndProject
Global
	GlobalSection(SolutionConfigurationPlatforms) = preSolution
		Debug|Win32 = Debug|Win32
		Release|Win32 = Release|Win32
	EndGlobalSection
	GlobalSection(ProjectConfigurationPlatforms) = postSolution
		{BDDDB68C-40DC-4CB4-8CA9-FCCB802D0321}.Debug|Win32.ActiveCfg = Debug|Win32
		{BDDDB68C-40DC-4CB4-8CA9-FCCB802D0321}.Debug|Win32.Build.0 = Debug|Win32
		{BDDDB68C-40DC-4CB4-8CA9-FCCB802D0321}.Release|Win32.ActiveCfg = Release|Win32
		{BDDDB68C-40DC-4CB4-8CA9-FCCB802D0321}.Release|Win32.Build.0 = Release|Win32
	EndGlobalSection
	GlobalSection(SolutionProperties) = preSolution
		HideSolutionNode = FALSE
	EndGlobalSection
EndGlobal
