
Microsoft Visual Studio Solution File, Format Version 10.00
# Visual C++ Express 2008
Project("{8BC9CEB8-8B4A-11D0-8D11-00A0C91BC942}") = "wls", "wls2008.vcproj", "{BDDDB68C-40DC-4CB4-8CA9-FCCB802D0321}"
EndProject
Global
	GlobalSection(SolutionConfigurationPlatforms) = preSolution
		DebugJ|Win32 = DebugJ|Win32
		DebugJ|x64 = DebugJ|x64
		DebugK|Win32 = DebugK|Win32
		DebugK|x64 = DebugK|x64
		ReleaseJ|Win32 = ReleaseJ|Win32
		ReleaseJ|x64 = ReleaseJ|x64
		ReleaseK|Win32 = ReleaseK|Win32
		ReleaseK|x64 = ReleaseK|x64
	EndGlobalSection
	GlobalSection(ProjectConfigurationPlatforms) = postSolution
		{BDDDB68C-40DC-4CB4-8CA9-FCCB802D0321}.DebugJ|Win32.ActiveCfg = DebugJ|Win32
		{BDDDB68C-40DC-4CB4-8CA9-FCCB802D0321}.DebugJ|Win32.Build.0 = DebugJ|Win32
		{BDDDB68C-40DC-4CB4-8CA9-FCCB802D0321}.DebugJ|x64.ActiveCfg = DebugJ|x64
		{BDDDB68C-40DC-4CB4-8CA9-FCCB802D0321}.DebugJ|x64.Build.0 = DebugJ|x64
		{BDDDB68C-40DC-4CB4-8CA9-FCCB802D0321}.DebugK|Win32.ActiveCfg = DebugK|Win32
		{BDDDB68C-40DC-4CB4-8CA9-FCCB802D0321}.DebugK|Win32.Build.0 = DebugK|Win32
		{BDDDB68C-40DC-4CB4-8CA9-FCCB802D0321}.DebugK|x64.ActiveCfg = DebugK|x64
		{BDDDB68C-40DC-4CB4-8CA9-FCCB802D0321}.DebugK|x64.Build.0 = DebugK|x64
		{BDDDB68C-40DC-4CB4-8CA9-FCCB802D0321}.ReleaseJ|Win32.ActiveCfg = ReleaseJ|Win32
		{BDDDB68C-40DC-4CB4-8CA9-FCCB802D0321}.ReleaseJ|Win32.Build.0 = ReleaseJ|Win32
		{BDDDB68C-40DC-4CB4-8CA9-FCCB802D0321}.ReleaseJ|x64.ActiveCfg = ReleaseJ|x64
		{BDDDB68C-40DC-4CB4-8CA9-FCCB802D0321}.ReleaseJ|x64.Build.0 = ReleaseJ|x64
		{BDDDB68C-40DC-4CB4-8CA9-FCCB802D0321}.ReleaseK|Win32.ActiveCfg = ReleaseK|Win32
		{BDDDB68C-40DC-4CB4-8CA9-FCCB802D0321}.ReleaseK|Win32.Build.0 = ReleaseK|Win32
		{BDDDB68C-40DC-4CB4-8CA9-FCCB802D0321}.ReleaseK|x64.ActiveCfg = ReleaseK|x64
		{BDDDB68C-40DC-4CB4-8CA9-FCCB802D0321}.ReleaseK|x64.Build.0 = ReleaseK|x64
	EndGlobalSection
	GlobalSection(SolutionProperties) = preSolution
		HideSolutionNode = FALSE
	EndGlobalSection
EndGlobal
